
Microsoft Visual Studio Solution File, Format Version 12.00
# Visual Studio Version 17
VisualStudioVersion = 17.8.34525.116
MinimumVisualStudioVersion = 10.0.40219.1
Project("{FAE04EC0-301F-11D3-BF4B-00C04F79EFBC}") = "WebApiDevelopment", "WebApiDevelopment.csproj", "{309FC61A-D03D-4402-914E-A57A67143952}"
EndProject
Global
	GlobalSection(SolutionConfigurationPlatforms) = preSolution
		Debug|Any CPU = Debug|Any CPU
		Release|Any CPU = Release|Any CPU
	EndGlobalSection
	GlobalSection(ProjectConfigurationPlatforms) = postSolution
		{309FC61A-D03D-4402-914E-A57A67143952}.Debug|Any CPU.ActiveCfg = Debug|Any CPU
		{309FC61A-D03D-4402-914E-A57A67143952}.Debug|Any CPU.Build.0 = Debug|Any CPU
		{309FC61A-D03D-4402-914E-A57A67143952}.Release|Any CPU.ActiveCfg = Release|Any CPU
		{309FC61A-D03D-4402-914E-A57A67143952}.Release|Any CPU.Build.0 = Release|Any CPU
	EndGlobalSection
	GlobalSection(SolutionProperties) = preSolution
		HideSolutionNode = FALSE
	EndGlobalSection
	GlobalSection(ExtensibilityGlobals) = postSolution
		SolutionGuid = {05FD00ED-4CF6-43B8-8285-24090E3C44FD}
	EndGlobalSection
EndGlobal
